// !$*UTF8*$!
{
	archiveVersion = 1;
	classes = {
	};
	objectVersion = 56;
	objects = {

/* Begin PBXBuildFile section */
		0911AFDE29C42D8200C18209 /* BuyingTicket.swift in Sources */ = {isa = PBXBuildFile; fileRef = 0911AFDD29C42D8200C18209 /* BuyingTicket.swift */; };
		092B76CE29D5410000425FF3 /* LinkCards.swift in Sources */ = {isa = PBXBuildFile; fileRef = 092B76CD29D5410000425FF3 /* LinkCards.swift */; };
		0946A44029BF24B900A6E609 /* HomePageView.swift in Sources */ = {isa = PBXBuildFile; fileRef = 0946A43F29BF24B900A6E609 /* HomePageView.swift */; };
		0946A44229BF26E400A6E609 /* EventListView.swift in Sources */ = {isa = PBXBuildFile; fileRef = 0946A44129BF26E400A6E609 /* EventListView.swift */; };
		09529D3E29C62E850050FEFB /* TabView.swift in Sources */ = {isa = PBXBuildFile; fileRef = 09529D3D29C62E850050FEFB /* TabView.swift */; };
		096F428629C1299A00E54D77 /* ChangeCityButton.swift in Sources */ = {isa = PBXBuildFile; fileRef = 096F428529C1299A00E54D77 /* ChangeCityButton.swift */; };
		0970016429CBCD600005DAAE /* PaymentButton.swift in Sources */ = {isa = PBXBuildFile; fileRef = 0970016329CBCD600005DAAE /* PaymentButton.swift */; };
		0970016629CBCDCA0005DAAE /* PaymentHandler.swift in Sources */ = {isa = PBXBuildFile; fileRef = 0970016529CBCDCA0005DAAE /* PaymentHandler.swift */; };
		09747ABF29BF835500DBE184 /* TicketDataServices.swift in Sources */ = {isa = PBXBuildFile; fileRef = 09747ABE29BF835500DBE184 /* TicketDataServices.swift */; };
		09747AC129BF84B400DBE184 /* TicketsViewModel.swift in Sources */ = {isa = PBXBuildFile; fileRef = 09747AC029BF84B400DBE184 /* TicketsViewModel.swift */; };
		098B6DC029D60BA50018DE5F /* MainTabViews.swift in Sources */ = {isa = PBXBuildFile; fileRef = 098B6DBF29D60BA50018DE5F /* MainTabViews.swift */; };
		09B621F829BBB35C00ECFF5D /* TheMoveApp.swift in Sources */ = {isa = PBXBuildFile; fileRef = 09B621F729BBB35C00ECFF5D /* TheMoveApp.swift */; };
		09B621FA29BBB35C00ECFF5D /* ContentView.swift in Sources */ = {isa = PBXBuildFile; fileRef = 09B621F929BBB35C00ECFF5D /* ContentView.swift */; };
		09B621FC29BBB35E00ECFF5D /* Assets.xcassets in Resources */ = {isa = PBXBuildFile; fileRef = 09B621FB29BBB35E00ECFF5D /* Assets.xcassets */; };
		09B621FF29BBB35E00ECFF5D /* Preview Assets.xcassets in Resources */ = {isa = PBXBuildFile; fileRef = 09B621FE29BBB35E00ECFF5D /* Preview Assets.xcassets */; };
		09B6220629BBB37600ECFF5D /* EmptyTickets.swift in Sources */ = {isa = PBXBuildFile; fileRef = 09B6220529BBB37600ECFF5D /* EmptyTickets.swift */; };
		09B6220829BBCF6600ECFF5D /* TicketModel.swift in Sources */ = {isa = PBXBuildFile; fileRef = 09B6220729BBCF6600ECFF5D /* TicketModel.swift */; };
		09B6220A29BBD18700ECFF5D /* VipTicket.swift in Sources */ = {isa = PBXBuildFile; fileRef = 09B6220929BBD18700ECFF5D /* VipTicket.swift */; };
		09B7B20B29EB6DF0005CE0DD /* GoogleService-Info.plist in Resources */ = {isa = PBXBuildFile; fileRef = 09B7B20A29EB6DF0005CE0DD /* GoogleService-Info.plist */; };
		09B7B20E29EB6E44005CE0DD /* FirebaseAnalytics in Frameworks */ = {isa = PBXBuildFile; productRef = 09B7B20D29EB6E44005CE0DD /* FirebaseAnalytics */; };
		09B7B21029EB6E44005CE0DD /* FirebaseAnalyticsOnDeviceConversion in Frameworks */ = {isa = PBXBuildFile; productRef = 09B7B20F29EB6E44005CE0DD /* FirebaseAnalyticsOnDeviceConversion */; };
		09B7B21229EB6E44005CE0DD /* FirebaseAnalyticsSwift in Frameworks */ = {isa = PBXBuildFile; productRef = 09B7B21129EB6E44005CE0DD /* FirebaseAnalyticsSwift */; };
		09B7B21429EB6E44005CE0DD /* FirebaseAnalyticsWithoutAdIdSupport in Frameworks */ = {isa = PBXBuildFile; productRef = 09B7B21329EB6E44005CE0DD /* FirebaseAnalyticsWithoutAdIdSupport */; };
		09B7B21629EB6E44005CE0DD /* FirebaseAppCheck in Frameworks */ = {isa = PBXBuildFile; productRef = 09B7B21529EB6E44005CE0DD /* FirebaseAppCheck */; };
		09B7B21829EB6E44005CE0DD /* FirebaseAppDistribution-Beta in Frameworks */ = {isa = PBXBuildFile; productRef = 09B7B21729EB6E44005CE0DD /* FirebaseAppDistribution-Beta */; };
		09B7B21A29EB6E44005CE0DD /* FirebaseAuth in Frameworks */ = {isa = PBXBuildFile; productRef = 09B7B21929EB6E44005CE0DD /* FirebaseAuth */; };
		09B7B21C29EB6E44005CE0DD /* FirebaseAuthCombine-Community in Frameworks */ = {isa = PBXBuildFile; productRef = 09B7B21B29EB6E44005CE0DD /* FirebaseAuthCombine-Community */; };
		09B7B21E29EB6E44005CE0DD /* FirebaseCrashlytics in Frameworks */ = {isa = PBXBuildFile; productRef = 09B7B21D29EB6E44005CE0DD /* FirebaseCrashlytics */; };
		09B7B22029EB6E44005CE0DD /* FirebaseDatabase in Frameworks */ = {isa = PBXBuildFile; productRef = 09B7B21F29EB6E44005CE0DD /* FirebaseDatabase */; };
		09B7B22229EB6E44005CE0DD /* FirebaseDatabaseSwift in Frameworks */ = {isa = PBXBuildFile; productRef = 09B7B22129EB6E44005CE0DD /* FirebaseDatabaseSwift */; };
		09B7B22429EB6E44005CE0DD /* FirebaseDynamicLinks in Frameworks */ = {isa = PBXBuildFile; productRef = 09B7B22329EB6E44005CE0DD /* FirebaseDynamicLinks */; };
		09B7B22629EB6E44005CE0DD /* FirebaseFirestore in Frameworks */ = {isa = PBXBuildFile; productRef = 09B7B22529EB6E44005CE0DD /* FirebaseFirestore */; };
		09B7B22829EB6E44005CE0DD /* FirebaseFirestoreCombine-Community in Frameworks */ = {isa = PBXBuildFile; productRef = 09B7B22729EB6E44005CE0DD /* FirebaseFirestoreCombine-Community */; };
		09B7B22A29EB6E44005CE0DD /* FirebaseFirestoreSwift in Frameworks */ = {isa = PBXBuildFile; productRef = 09B7B22929EB6E44005CE0DD /* FirebaseFirestoreSwift */; };
		09B7B22C29EB6E44005CE0DD /* FirebaseFunctions in Frameworks */ = {isa = PBXBuildFile; productRef = 09B7B22B29EB6E44005CE0DD /* FirebaseFunctions */; };
		09B7B22E29EB6E44005CE0DD /* FirebaseFunctionsCombine-Community in Frameworks */ = {isa = PBXBuildFile; productRef = 09B7B22D29EB6E44005CE0DD /* FirebaseFunctionsCombine-Community */; };
		09B7B23029EB6E44005CE0DD /* FirebaseInAppMessaging-Beta in Frameworks */ = {isa = PBXBuildFile; productRef = 09B7B22F29EB6E44005CE0DD /* FirebaseInAppMessaging-Beta */; };
		09B7B23229EB6E44005CE0DD /* FirebaseInAppMessagingSwift-Beta in Frameworks */ = {isa = PBXBuildFile; productRef = 09B7B23129EB6E44005CE0DD /* FirebaseInAppMessagingSwift-Beta */; };
		09B7B23429EB6E44005CE0DD /* FirebaseInstallations in Frameworks */ = {isa = PBXBuildFile; productRef = 09B7B23329EB6E44005CE0DD /* FirebaseInstallations */; };
		09B7B23629EB6E44005CE0DD /* FirebaseMLModelDownloader in Frameworks */ = {isa = PBXBuildFile; productRef = 09B7B23529EB6E44005CE0DD /* FirebaseMLModelDownloader */; };
		09B7B23829EB6E44005CE0DD /* FirebaseMessaging in Frameworks */ = {isa = PBXBuildFile; productRef = 09B7B23729EB6E44005CE0DD /* FirebaseMessaging */; };
		09B7B23A29EB6E44005CE0DD /* FirebasePerformance in Frameworks */ = {isa = PBXBuildFile; productRef = 09B7B23929EB6E44005CE0DD /* FirebasePerformance */; };
		09B7B23C29EB6E44005CE0DD /* FirebaseRemoteConfig in Frameworks */ = {isa = PBXBuildFile; productRef = 09B7B23B29EB6E44005CE0DD /* FirebaseRemoteConfig */; };
		09B7B23E29EB6E44005CE0DD /* FirebaseRemoteConfigSwift in Frameworks */ = {isa = PBXBuildFile; productRef = 09B7B23D29EB6E44005CE0DD /* FirebaseRemoteConfigSwift */; };
		09B7B24029EB6E44005CE0DD /* FirebaseStorage in Frameworks */ = {isa = PBXBuildFile; productRef = 09B7B23F29EB6E44005CE0DD /* FirebaseStorage */; };
		09B7B24229EB6E44005CE0DD /* FirebaseStorageCombine-Community in Frameworks */ = {isa = PBXBuildFile; productRef = 09B7B24129EB6E44005CE0DD /* FirebaseStorageCombine-Community */; };
		09BFA4D129C407E80079B3BC /* OfficialTicket.swift in Sources */ = {isa = PBXBuildFile; fileRef = 09BFA4D029C407E80079B3BC /* OfficialTicket.swift */; };
		09BFA4D329C418160079B3BC /* MyTickets .swift in Sources */ = {isa = PBXBuildFile; fileRef = 09BFA4D229C418160079B3BC /* MyTickets .swift */; };
		09BFA4D529C41A040079B3BC /* CartButton.swift in Sources */ = {isa = PBXBuildFile; fileRef = 09BFA4D429C41A040079B3BC /* CartButton.swift */; };
		09BFA4D729C4208B0079B3BC /* TicketRow.swift in Sources */ = {isa = PBXBuildFile; fileRef = 09BFA4D629C4208B0079B3BC /* TicketRow.swift */; };
		09F28BC929BF0B2800EE0671 /* Event.swift in Sources */ = {isa = PBXBuildFile; fileRef = 09F28BC829BF0B2800EE0671 /* Event.swift */; };
		09F28BCC29BF0BB700EE0671 /* EventsDataService.swift in Sources */ = {isa = PBXBuildFile; fileRef = 09F28BCB29BF0BB700EE0671 /* EventsDataService.swift */; };
		09F28BCF29BF1F8F00EE0671 /* ViewModel.swift in Sources */ = {isa = PBXBuildFile; fileRef = 09F28BCE29BF1F8F00EE0671 /* ViewModel.swift */; };
		09F9FC4C29BFC1A600E9033E /* CityList.swift in Sources */ = {isa = PBXBuildFile; fileRef = 09F9FC4B29BFC1A600E9033E /* CityList.swift */; };
		09F9FC4E29BFFCA300E9033E /* CityModel.swift in Sources */ = {isa = PBXBuildFile; fileRef = 09F9FC4D29BFFCA300E9033E /* CityModel.swift */; };
		09F9FC5029BFFE4A00E9033E /* CityData.swift in Sources */ = {isa = PBXBuildFile; fileRef = 09F9FC4F29BFFE4A00E9033E /* CityData.swift */; };
		09F9FC5229C0007200E9033E /* CityViewModel.swift in Sources */ = {isa = PBXBuildFile; fileRef = 09F9FC5129C0007200E9033E /* CityViewModel.swift */; };
		09FAB73B29D4869E006C1556 /* ProfilePage .swift in Sources */ = {isa = PBXBuildFile; fileRef = 09FAB73A29D4869E006C1556 /* ProfilePage .swift */; };
		09FFC78129C25841009D3FC0 /* LocationMapPin.swift in Sources */ = {isa = PBXBuildFile; fileRef = 09FFC78029C25841009D3FC0 /* LocationMapPin.swift */; };
		09FFC78329C25BC5009D3FC0 /* EventDetailView.swift in Sources */ = {isa = PBXBuildFile; fileRef = 09FFC78229C25BC5009D3FC0 /* EventDetailView.swift */; };
		09FFC78529C25FA4009D3FC0 /* EventPreviewCard.swift in Sources */ = {isa = PBXBuildFile; fileRef = 09FFC78429C25FA4009D3FC0 /* EventPreviewCard.swift */; };
/* End PBXBuildFile section */

/* Begin PBXFileReference section */
		0911AFDD29C42D8200C18209 /* BuyingTicket.swift */ = {isa = PBXFileReference; lastKnownFileType = sourcecode.swift; path = BuyingTicket.swift; sourceTree = "<group>"; };
		092B76CD29D5410000425FF3 /* LinkCards.swift */ = {isa = PBXFileReference; lastKnownFileType = sourcecode.swift; path = LinkCards.swift; sourceTree = "<group>"; };
		0946A43F29BF24B900A6E609 /* HomePageView.swift */ = {isa = PBXFileReference; lastKnownFileType = sourcecode.swift; path = HomePageView.swift; sourceTree = "<group>"; };
		0946A44129BF26E400A6E609 /* EventListView.swift */ = {isa = PBXFileReference; lastKnownFileType = sourcecode.swift; path = EventListView.swift; sourceTree = "<group>"; };
		09529D3D29C62E850050FEFB /* TabView.swift */ = {isa = PBXFileReference; lastKnownFileType = sourcecode.swift; path = TabView.swift; sourceTree = "<group>"; };
		096F428529C1299A00E54D77 /* ChangeCityButton.swift */ = {isa = PBXFileReference; lastKnownFileType = sourcecode.swift; path = ChangeCityButton.swift; sourceTree = "<group>"; };
		0970016329CBCD600005DAAE /* PaymentButton.swift */ = {isa = PBXFileReference; lastKnownFileType = sourcecode.swift; path = PaymentButton.swift; sourceTree = "<group>"; };
		0970016529CBCDCA0005DAAE /* PaymentHandler.swift */ = {isa = PBXFileReference; lastKnownFileType = sourcecode.swift; path = PaymentHandler.swift; sourceTree = "<group>"; };
		09747ABE29BF835500DBE184 /* TicketDataServices.swift */ = {isa = PBXFileReference; lastKnownFileType = sourcecode.swift; path = TicketDataServices.swift; sourceTree = "<group>"; };
		09747AC029BF84B400DBE184 /* TicketsViewModel.swift */ = {isa = PBXFileReference; lastKnownFileType = sourcecode.swift; path = TicketsViewModel.swift; sourceTree = "<group>"; };
		098B6DBF29D60BA50018DE5F /* MainTabViews.swift */ = {isa = PBXFileReference; lastKnownFileType = sourcecode.swift; path = MainTabViews.swift; sourceTree = "<group>"; };
		09B621F429BBB35C00ECFF5D /* TheMove.app */ = {isa = PBXFileReference; explicitFileType = wrapper.application; includeInIndex = 0; path = TheMove.app; sourceTree = BUILT_PRODUCTS_DIR; };
		09B621F729BBB35C00ECFF5D /* TheMoveApp.swift */ = {isa = PBXFileReference; lastKnownFileType = sourcecode.swift; path = TheMoveApp.swift; sourceTree = "<group>"; };
		09B621F929BBB35C00ECFF5D /* ContentView.swift */ = {isa = PBXFileReference; lastKnownFileType = sourcecode.swift; path = ContentView.swift; sourceTree = "<group>"; };
		09B621FB29BBB35E00ECFF5D /* Assets.xcassets */ = {isa = PBXFileReference; lastKnownFileType = folder.assetcatalog; path = Assets.xcassets; sourceTree = "<group>"; };
		09B621FE29BBB35E00ECFF5D /* Preview Assets.xcassets */ = {isa = PBXFileReference; lastKnownFileType = folder.assetcatalog; path = "Preview Assets.xcassets"; sourceTree = "<group>"; };
		09B6220529BBB37600ECFF5D /* EmptyTickets.swift */ = {isa = PBXFileReference; lastKnownFileType = sourcecode.swift; path = EmptyTickets.swift; sourceTree = "<group>"; };
		09B6220729BBCF6600ECFF5D /* TicketModel.swift */ = {isa = PBXFileReference; lastKnownFileType = sourcecode.swift; path = TicketModel.swift; sourceTree = "<group>"; };
		09B6220929BBD18700ECFF5D /* VipTicket.swift */ = {isa = PBXFileReference; lastKnownFileType = sourcecode.swift; path = VipTicket.swift; sourceTree = "<group>"; };
		09B7B20A29EB6DF0005CE0DD /* GoogleService-Info.plist */ = {isa = PBXFileReference; fileEncoding = 4; lastKnownFileType = text.plist.xml; path = "GoogleService-Info.plist"; sourceTree = "<group>"; };
		09BFA4D029C407E80079B3BC /* OfficialTicket.swift */ = {isa = PBXFileReference; lastKnownFileType = sourcecode.swift; path = OfficialTicket.swift; sourceTree = "<group>"; };
		09BFA4D229C418160079B3BC /* MyTickets .swift */ = {isa = PBXFileReference; lastKnownFileType = sourcecode.swift; path = "MyTickets .swift"; sourceTree = "<group>"; };
		09BFA4D429C41A040079B3BC /* CartButton.swift */ = {isa = PBXFileReference; lastKnownFileType = sourcecode.swift; path = CartButton.swift; sourceTree = "<group>"; };
		09BFA4D629C4208B0079B3BC /* TicketRow.swift */ = {isa = PBXFileReference; lastKnownFileType = sourcecode.swift; path = TicketRow.swift; sourceTree = "<group>"; };
		09F28BC829BF0B2800EE0671 /* Event.swift */ = {isa = PBXFileReference; lastKnownFileType = sourcecode.swift; path = Event.swift; sourceTree = "<group>"; };
		09F28BCB29BF0BB700EE0671 /* EventsDataService.swift */ = {isa = PBXFileReference; lastKnownFileType = sourcecode.swift; path = EventsDataService.swift; sourceTree = "<group>"; };
		09F28BCE29BF1F8F00EE0671 /* ViewModel.swift */ = {isa = PBXFileReference; lastKnownFileType = sourcecode.swift; path = ViewModel.swift; sourceTree = "<group>"; };
		09F9FC4B29BFC1A600E9033E /* CityList.swift */ = {isa = PBXFileReference; lastKnownFileType = sourcecode.swift; path = CityList.swift; sourceTree = "<group>"; };
		09F9FC4D29BFFCA300E9033E /* CityModel.swift */ = {isa = PBXFileReference; lastKnownFileType = sourcecode.swift; path = CityModel.swift; sourceTree = "<group>"; };
		09F9FC4F29BFFE4A00E9033E /* CityData.swift */ = {isa = PBXFileReference; lastKnownFileType = sourcecode.swift; path = CityData.swift; sourceTree = "<group>"; };
		09F9FC5129C0007200E9033E /* CityViewModel.swift */ = {isa = PBXFileReference; lastKnownFileType = sourcecode.swift; path = CityViewModel.swift; sourceTree = "<group>"; };
		09FAB73A29D4869E006C1556 /* ProfilePage .swift */ = {isa = PBXFileReference; lastKnownFileType = sourcecode.swift; path = "ProfilePage .swift"; sourceTree = "<group>"; };
		09FFC78029C25841009D3FC0 /* LocationMapPin.swift */ = {isa = PBXFileReference; lastKnownFileType = sourcecode.swift; path = LocationMapPin.swift; sourceTree = "<group>"; };
		09FFC78229C25BC5009D3FC0 /* EventDetailView.swift */ = {isa = PBXFileReference; lastKnownFileType = sourcecode.swift; path = EventDetailView.swift; sourceTree = "<group>"; };
		09FFC78429C25FA4009D3FC0 /* EventPreviewCard.swift */ = {isa = PBXFileReference; lastKnownFileType = sourcecode.swift; path = EventPreviewCard.swift; sourceTree = "<group>"; };
/* End PBXFileReference section */

/* Begin PBXFrameworksBuildPhase section */
		09B621F129BBB35C00ECFF5D /* Frameworks */ = {
			isa = PBXFrameworksBuildPhase;
			buildActionMask = 2147483647;
			files = (
				09B7B22029EB6E44005CE0DD /* FirebaseDatabase in Frameworks */,
				09B7B22E29EB6E44005CE0DD /* FirebaseFunctionsCombine-Community in Frameworks */,
				09B7B22629EB6E44005CE0DD /* FirebaseFirestore in Frameworks */,
				09B7B21229EB6E44005CE0DD /* FirebaseAnalyticsSwift in Frameworks */,
				09B7B20E29EB6E44005CE0DD /* FirebaseAnalytics in Frameworks */,
				09B7B21029EB6E44005CE0DD /* FirebaseAnalyticsOnDeviceConversion in Frameworks */,
				09B7B23629EB6E44005CE0DD /* FirebaseMLModelDownloader in Frameworks */,
				09B7B22A29EB6E44005CE0DD /* FirebaseFirestoreSwift in Frameworks */,
				09B7B21629EB6E44005CE0DD /* FirebaseAppCheck in Frameworks */,
				09B7B21429EB6E44005CE0DD /* FirebaseAnalyticsWithoutAdIdSupport in Frameworks */,
				09B7B21A29EB6E44005CE0DD /* FirebaseAuth in Frameworks */,
				09B7B21E29EB6E44005CE0DD /* FirebaseCrashlytics in Frameworks */,
				09B7B23E29EB6E44005CE0DD /* FirebaseRemoteConfigSwift in Frameworks */,
				09B7B23029EB6E44005CE0DD /* FirebaseInAppMessaging-Beta in Frameworks */,
				09B7B22229EB6E44005CE0DD /* FirebaseDatabaseSwift in Frameworks */,
				09B7B22C29EB6E44005CE0DD /* FirebaseFunctions in Frameworks */,
				09B7B24229EB6E44005CE0DD /* FirebaseStorageCombine-Community in Frameworks */,
				09B7B23C29EB6E44005CE0DD /* FirebaseRemoteConfig in Frameworks */,
				09B7B21829EB6E44005CE0DD /* FirebaseAppDistribution-Beta in Frameworks */,
				09B7B21C29EB6E44005CE0DD /* FirebaseAuthCombine-Community in Frameworks */,
				09B7B23A29EB6E44005CE0DD /* FirebasePerformance in Frameworks */,
				09B7B23229EB6E44005CE0DD /* FirebaseInAppMessagingSwift-Beta in Frameworks */,
				09B7B24029EB6E44005CE0DD /* FirebaseStorage in Frameworks */,
				09B7B22429EB6E44005CE0DD /* FirebaseDynamicLinks in Frameworks */,
				09B7B22829EB6E44005CE0DD /* FirebaseFirestoreCombine-Community in Frameworks */,
				09B7B23829EB6E44005CE0DD /* FirebaseMessaging in Frameworks */,
				09B7B23429EB6E44005CE0DD /* FirebaseInstallations in Frameworks */,
			);
			runOnlyForDeploymentPostprocessing = 0;
		};
/* End PBXFrameworksBuildPhase section */

/* Begin PBXGroup section */
		0911AFDF29C4451400C18209 /* CityCreator */ = {
			isa = PBXGroup;
			children = (
				0911AFE029C4453200C18209 /* Mvvm */,
				0911AFE129C4453D00C18209 /* Views */,
			);
			path = CityCreator;
			sourceTree = "<group>";
		};
		0911AFE029C4453200C18209 /* Mvvm */ = {
			isa = PBXGroup;
			children = (
				09F9FC5129C0007200E9033E /* CityViewModel.swift */,
				09F9FC4F29BFFE4A00E9033E /* CityData.swift */,
				09F9FC4D29BFFCA300E9033E /* CityModel.swift */,
			);
			path = Mvvm;
			sourceTree = "<group>";
		};
		0911AFE129C4453D00C18209 /* Views */ = {
			isa = PBXGroup;
			children = (
				096F428529C1299A00E54D77 /* ChangeCityButton.swift */,
				09F9FC4B29BFC1A600E9033E /* CityList.swift */,
			);
			path = Views;
			sourceTree = "<group>";
		};
		0911AFE229C4461B00C18209 /* Event Creator */ = {
			isa = PBXGroup;
			children = (
				09F28BD229BF21BF00EE0671 /* Views */,
				09F28BCD29BF1F4900EE0671 /* Mvvm */,
			);
			path = "Event Creator";
			sourceTree = "<group>";
		};
		0970712929C4276C00C391E8 /* Ticket Creator */ = {
			isa = PBXGroup;
			children = (
				0911AFDD29C42D8200C18209 /* BuyingTicket.swift */,
				0970712B29C4282A00C391E8 /* MVVM */,
				0970712A29C427B500C391E8 /* VViews */,
			);
			path = "Ticket Creator";
			sourceTree = "<group>";
		};
		0970712A29C427B500C391E8 /* VViews */ = {
			isa = PBXGroup;
			children = (
				09BFA4D229C418160079B3BC /* MyTickets .swift */,
				09BFA4D629C4208B0079B3BC /* TicketRow.swift */,
				09B6220929BBD18700ECFF5D /* VipTicket.swift */,
				09BFA4D029C407E80079B3BC /* OfficialTicket.swift */,
				09BFA4D429C41A040079B3BC /* CartButton.swift */,
				09B6220529BBB37600ECFF5D /* EmptyTickets.swift */,
			);
			path = VViews;
			sourceTree = "<group>";
		};
		0970712B29C4282A00C391E8 /* MVVM */ = {
			isa = PBXGroup;
			children = (
				09747AC029BF84B400DBE184 /* TicketsViewModel.swift */,
				09747ABE29BF835500DBE184 /* TicketDataServices.swift */,
				09B6220729BBCF6600ECFF5D /* TicketModel.swift */,
			);
			path = MVVM;
			sourceTree = "<group>";
		};
		09B621EB29BBB35C00ECFF5D = {
			isa = PBXGroup;
			children = (
				09B621F729BBB35C00ECFF5D /* TheMoveApp.swift */,
				09B7B20A29EB6DF0005CE0DD /* GoogleService-Info.plist */,
				092B76CD29D5410000425FF3 /* LinkCards.swift */,
				0970016329CBCD600005DAAE /* PaymentButton.swift */,
				0970016529CBCDCA0005DAAE /* PaymentHandler.swift */,
				09529D3D29C62E850050FEFB /* TabView.swift */,
				0911AFE229C4461B00C18209 /* Event Creator */,
				0970712929C4276C00C391E8 /* Ticket Creator */,
				0911AFDF29C4451400C18209 /* CityCreator */,
				09B621F629BBB35C00ECFF5D /* TheMove */,
				09B621F529BBB35C00ECFF5D /* Products */,
			);
			sourceTree = "<group>";
		};
		09B621F529BBB35C00ECFF5D /* Products */ = {
			isa = PBXGroup;
			children = (
				09B621F429BBB35C00ECFF5D /* TheMove.app */,
			);
			name = Products;
			sourceTree = "<group>";
		};
		09B621F629BBB35C00ECFF5D /* TheMove */ = {
			isa = PBXGroup;
			children = (
				09B621F929BBB35C00ECFF5D /* ContentView.swift */,
				09B621FB29BBB35E00ECFF5D /* Assets.xcassets */,
				09B621FD29BBB35E00ECFF5D /* Preview Content */,
			);
			path = TheMove;
			sourceTree = "<group>";
		};
		09B621FD29BBB35E00ECFF5D /* Preview Content */ = {
			isa = PBXGroup;
			children = (
				09B621FE29BBB35E00ECFF5D /* Preview Assets.xcassets */,
			);
			path = "Preview Content";
			sourceTree = "<group>";
		};
		09F28BCD29BF1F4900EE0671 /* Mvvm */ = {
			isa = PBXGroup;
			children = (
				09F28BCE29BF1F8F00EE0671 /* ViewModel.swift */,
				09F28BCB29BF0BB700EE0671 /* EventsDataService.swift */,
				09F28BC829BF0B2800EE0671 /* Event.swift */,
			);
			path = Mvvm;
			sourceTree = "<group>";
		};
		09F28BD229BF21BF00EE0671 /* Views */ = {
			isa = PBXGroup;
			children = (
				0946A43F29BF24B900A6E609 /* HomePageView.swift */,
				09FAB73A29D4869E006C1556 /* ProfilePage .swift */,
				09FFC78229C25BC5009D3FC0 /* EventDetailView.swift */,
				098B6DBF29D60BA50018DE5F /* MainTabViews.swift */,
				09FFC78029C25841009D3FC0 /* LocationMapPin.swift */,
				09FFC78429C25FA4009D3FC0 /* EventPreviewCard.swift */,
				0946A44129BF26E400A6E609 /* EventListView.swift */,
			);
			path = Views;
			sourceTree = "<group>";
		};
/* End PBXGroup section */

/* Begin PBXNativeTarget section */
		09B621F329BBB35C00ECFF5D /* TheMove */ = {
			isa = PBXNativeTarget;
			buildConfigurationList = 09B6220229BBB35E00ECFF5D /* Build configuration list for PBXNativeTarget "TheMove" */;
			buildPhases = (
				09B621F029BBB35C00ECFF5D /* Sources */,
				09B621F129BBB35C00ECFF5D /* Frameworks */,
				09B621F229BBB35C00ECFF5D /* Resources */,
			);
			buildRules = (
			);
			dependencies = (
			);
			name = TheMove;
			packageProductDependencies = (
				09B7B20D29EB6E44005CE0DD /* FirebaseAnalytics */,
				09B7B20F29EB6E44005CE0DD /* FirebaseAnalyticsOnDeviceConversion */,
				09B7B21129EB6E44005CE0DD /* FirebaseAnalyticsSwift */,
				09B7B21329EB6E44005CE0DD /* FirebaseAnalyticsWithoutAdIdSupport */,
				09B7B21529EB6E44005CE0DD /* FirebaseAppCheck */,
				09B7B21729EB6E44005CE0DD /* FirebaseAppDistribution-Beta */,
				09B7B21929EB6E44005CE0DD /* FirebaseAuth */,
				09B7B21B29EB6E44005CE0DD /* FirebaseAuthCombine-Community */,
				09B7B21D29EB6E44005CE0DD /* FirebaseCrashlytics */,
				09B7B21F29EB6E44005CE0DD /* FirebaseDatabase */,
				09B7B22129EB6E44005CE0DD /* FirebaseDatabaseSwift */,
				09B7B22329EB6E44005CE0DD /* FirebaseDynamicLinks */,
				09B7B22529EB6E44005CE0DD /* FirebaseFirestore */,
				09B7B22729EB6E44005CE0DD /* FirebaseFirestoreCombine-Community */,
				09B7B22929EB6E44005CE0DD /* FirebaseFirestoreSwift */,
				09B7B22B29EB6E44005CE0DD /* FirebaseFunctions */,
				09B7B22D29EB6E44005CE0DD /* FirebaseFunctionsCombine-Community */,
				09B7B22F29EB6E44005CE0DD /* FirebaseInAppMessaging-Beta */,
				09B7B23129EB6E44005CE0DD /* FirebaseInAppMessagingSwift-Beta */,
				09B7B23329EB6E44005CE0DD /* FirebaseInstallations */,
				09B7B23529EB6E44005CE0DD /* FirebaseMLModelDownloader */,
				09B7B23729EB6E44005CE0DD /* FirebaseMessaging */,
				09B7B23929EB6E44005CE0DD /* FirebasePerformance */,
				09B7B23B29EB6E44005CE0DD /* FirebaseRemoteConfig */,
				09B7B23D29EB6E44005CE0DD /* FirebaseRemoteConfigSwift */,
				09B7B23F29EB6E44005CE0DD /* FirebaseStorage */,
				09B7B24129EB6E44005CE0DD /* FirebaseStorageCombine-Community */,
			);
			productName = TheMove;
			productReference = 09B621F429BBB35C00ECFF5D /* TheMove.app */;
			productType = "com.apple.product-type.application";
		};
/* End PBXNativeTarget section */

/* Begin PBXProject section */
		09B621EC29BBB35C00ECFF5D /* Project object */ = {
			isa = PBXProject;
			attributes = {
				BuildIndependentTargetsInParallel = 1;
				LastSwiftUpdateCheck = 1420;
				LastUpgradeCheck = 1420;
				TargetAttributes = {
					09B621F329BBB35C00ECFF5D = {
						CreatedOnToolsVersion = 14.2;
					};
				};
			};
			buildConfigurationList = 09B621EF29BBB35C00ECFF5D /* Build configuration list for PBXProject "TheMove" */;
			compatibilityVersion = "Xcode 14.0";
			developmentRegion = en;
			hasScannedForEncodings = 0;
			knownRegions = (
				en,
				Base,
			);
			mainGroup = 09B621EB29BBB35C00ECFF5D;
			packageReferences = (
				09B7B20C29EB6E44005CE0DD /* XCRemoteSwiftPackageReference "firebase-ios-sdk" */,
			);
			productRefGroup = 09B621F529BBB35C00ECFF5D /* Products */;
			projectDirPath = "";
			projectRoot = "";
			targets = (
				09B621F329BBB35C00ECFF5D /* TheMove */,
			);
		};
/* End PBXProject section */

/* Begin PBXResourcesBuildPhase section */
		09B621F229BBB35C00ECFF5D /* Resources */ = {
			isa = PBXResourcesBuildPhase;
			buildActionMask = 2147483647;
			files = (
				09B621FF29BBB35E00ECFF5D /* Preview Assets.xcassets in Resources */,
				09B621FC29BBB35E00ECFF5D /* Assets.xcassets in Resources */,
				09B7B20B29EB6DF0005CE0DD /* GoogleService-Info.plist in Resources */,
			);
			runOnlyForDeploymentPostprocessing = 0;
		};
/* End PBXResourcesBuildPhase section */

/* Begin PBXSourcesBuildPhase section */
		09B621F029BBB35C00ECFF5D /* Sources */ = {
			isa = PBXSourcesBuildPhase;
			buildActionMask = 2147483647;
			files = (
				09FAB73B29D4869E006C1556 /* ProfilePage .swift in Sources */,
				0970016429CBCD600005DAAE /* PaymentButton.swift in Sources */,
				09BFA4D329C418160079B3BC /* MyTickets .swift in Sources */,
				09747AC129BF84B400DBE184 /* TicketsViewModel.swift in Sources */,
				0970016629CBCDCA0005DAAE /* PaymentHandler.swift in Sources */,
				09529D3E29C62E850050FEFB /* TabView.swift in Sources */,
				0946A44229BF26E400A6E609 /* EventListView.swift in Sources */,
				0911AFDE29C42D8200C18209 /* BuyingTicket.swift in Sources */,
				096F428629C1299A00E54D77 /* ChangeCityButton.swift in Sources */,
				09B6220A29BBD18700ECFF5D /* VipTicket.swift in Sources */,
				09F9FC5229C0007200E9033E /* CityViewModel.swift in Sources */,
				09B621FA29BBB35C00ECFF5D /* ContentView.swift in Sources */,
				09747ABF29BF835500DBE184 /* TicketDataServices.swift in Sources */,
				09F28BCC29BF0BB700EE0671 /* EventsDataService.swift in Sources */,
				09F9FC4E29BFFCA300E9033E /* CityModel.swift in Sources */,
				0946A44029BF24B900A6E609 /* HomePageView.swift in Sources */,
				09B6220629BBB37600ECFF5D /* EmptyTickets.swift in Sources */,
				09FFC78329C25BC5009D3FC0 /* EventDetailView.swift in Sources */,
				09FFC78129C25841009D3FC0 /* LocationMapPin.swift in Sources */,
				09BFA4D729C4208B0079B3BC /* TicketRow.swift in Sources */,
				09B621F829BBB35C00ECFF5D /* TheMoveApp.swift in Sources */,
				09F28BC929BF0B2800EE0671 /* Event.swift in Sources */,
				09F28BCF29BF1F8F00EE0671 /* ViewModel.swift in Sources */,
				09F9FC5029BFFE4A00E9033E /* CityData.swift in Sources */,
				098B6DC029D60BA50018DE5F /* MainTabViews.swift in Sources */,
				09B6220829BBCF6600ECFF5D /* TicketModel.swift in Sources */,
				09F9FC4C29BFC1A600E9033E /* CityList.swift in Sources */,
				09BFA4D529C41A040079B3BC /* CartButton.swift in Sources */,
				09BFA4D129C407E80079B3BC /* OfficialTicket.swift in Sources */,
				09FFC78529C25FA4009D3FC0 /* EventPreviewCard.swift in Sources */,
				092B76CE29D5410000425FF3 /* LinkCards.swift in Sources */,
			);
			runOnlyForDeploymentPostprocessing = 0;
		};
/* End PBXSourcesBuildPhase section */

/* Begin XCBuildConfiguration section */
		09B6220029BBB35E00ECFF5D /* Debug */ = {
			isa = XCBuildConfiguration;
			buildSettings = {
				ALWAYS_SEARCH_USER_PATHS = NO;
				CLANG_ANALYZER_NONNULL = YES;
				CLANG_ANALYZER_NUMBER_OBJECT_CONVERSION = YES_AGGRESSIVE;
				CLANG_CXX_LANGUAGE_STANDARD = "gnu++20";
				CLANG_ENABLE_MODULES = YES;
				CLANG_ENABLE_OBJC_ARC = YES;
				CLANG_ENABLE_OBJC_WEAK = YES;
				CLANG_WARN_BLOCK_CAPTURE_AUTORELEASING = YES;
				CLANG_WARN_BOOL_CONVERSION = YES;
				CLANG_WARN_COMMA = YES;
				CLANG_WARN_CONSTANT_CONVERSION = YES;
				CLANG_WARN_DEPRECATED_OBJC_IMPLEMENTATIONS = YES;
				CLANG_WARN_DIRECT_OBJC_ISA_USAGE = YES_ERROR;
				CLANG_WARN_DOCUMENTATION_COMMENTS = YES;
				CLANG_WARN_EMPTY_BODY = YES;
				CLANG_WARN_ENUM_CONVERSION = YES;
				CLANG_WARN_INFINITE_RECURSION = YES;
				CLANG_WARN_INT_CONVERSION = YES;
				CLANG_WARN_NON_LITERAL_NULL_CONVERSION = YES;
				CLANG_WARN_OBJC_IMPLICIT_RETAIN_SELF = YES;
				CLANG_WARN_OBJC_LITERAL_CONVERSION = YES;
				CLANG_WARN_OBJC_ROOT_CLASS = YES_ERROR;
				CLANG_WARN_QUOTED_INCLUDE_IN_FRAMEWORK_HEADER = YES;
				CLANG_WARN_RANGE_LOOP_ANALYSIS = YES;
				CLANG_WARN_STRICT_PROTOTYPES = YES;
				CLANG_WARN_SUSPICIOUS_MOVE = YES;
				CLANG_WARN_UNGUARDED_AVAILABILITY = YES_AGGRESSIVE;
				CLANG_WARN_UNREACHABLE_CODE = YES;
				CLANG_WARN__DUPLICATE_METHOD_MATCH = YES;
				COPY_PHASE_STRIP = NO;
				DEBUG_INFORMATION_FORMAT = dwarf;
				ENABLE_STRICT_OBJC_MSGSEND = YES;
				ENABLE_TESTABILITY = YES;
				GCC_C_LANGUAGE_STANDARD = gnu11;
				GCC_DYNAMIC_NO_PIC = NO;
				GCC_NO_COMMON_BLOCKS = YES;
				GCC_OPTIMIZATION_LEVEL = 0;
				GCC_PREPROCESSOR_DEFINITIONS = (
					"DEBUG=1",
					"$(inherited)",
				);
				GCC_WARN_64_TO_32_BIT_CONVERSION = YES;
				GCC_WARN_ABOUT_RETURN_TYPE = YES_ERROR;
				GCC_WARN_UNDECLARED_SELECTOR = YES;
				GCC_WARN_UNINITIALIZED_AUTOS = YES_AGGRESSIVE;
				GCC_WARN_UNUSED_FUNCTION = YES;
				GCC_WARN_UNUSED_VARIABLE = YES;
				IPHONEOS_DEPLOYMENT_TARGET = 16.2;
				MTL_ENABLE_DEBUG_INFO = INCLUDE_SOURCE;
				MTL_FAST_MATH = YES;
				ONLY_ACTIVE_ARCH = YES;
				SDKROOT = iphoneos;
				SWIFT_ACTIVE_COMPILATION_CONDITIONS = DEBUG;
				SWIFT_OPTIMIZATION_LEVEL = "-Onone";
			};
			name = Debug;
		};
		09B6220129BBB35E00ECFF5D /* Release */ = {
			isa = XCBuildConfiguration;
			buildSettings = {
				ALWAYS_SEARCH_USER_PATHS = NO;
				CLANG_ANALYZER_NONNULL = YES;
				CLANG_ANALYZER_NUMBER_OBJECT_CONVERSION = YES_AGGRESSIVE;
				CLANG_CXX_LANGUAGE_STANDARD = "gnu++20";
				CLANG_ENABLE_MODULES = YES;
				CLANG_ENABLE_OBJC_ARC = YES;
				CLANG_ENABLE_OBJC_WEAK = YES;
				CLANG_WARN_BLOCK_CAPTURE_AUTORELEASING = YES;
				CLANG_WARN_BOOL_CONVERSION = YES;
				CLANG_WARN_COMMA = YES;
				CLANG_WARN_CONSTANT_CONVERSION = YES;
				CLANG_WARN_DEPRECATED_OBJC_IMPLEMENTATIONS = YES;
				CLANG_WARN_DIRECT_OBJC_ISA_USAGE = YES_ERROR;
				CLANG_WARN_DOCUMENTATION_COMMENTS = YES;
				CLANG_WARN_EMPTY_BODY = YES;
				CLANG_WARN_ENUM_CONVERSION = YES;
				CLANG_WARN_INFINITE_RECURSION = YES;
				CLANG_WARN_INT_CONVERSION = YES;
				CLANG_WARN_NON_LITERAL_NULL_CONVERSION = YES;
				CLANG_WARN_OBJC_IMPLICIT_RETAIN_SELF = YES;
				CLANG_WARN_OBJC_LITERAL_CONVERSION = YES;
				CLANG_WARN_OBJC_ROOT_CLASS = YES_ERROR;
				CLANG_WARN_QUOTED_INCLUDE_IN_FRAMEWORK_HEADER = YES;
				CLANG_WARN_RANGE_LOOP_ANALYSIS = YES;
				CLANG_WARN_STRICT_PROTOTYPES = YES;
				CLANG_WARN_SUSPICIOUS_MOVE = YES;
				CLANG_WARN_UNGUARDED_AVAILABILITY = YES_AGGRESSIVE;
				CLANG_WARN_UNREACHABLE_CODE = YES;
				CLANG_WARN__DUPLICATE_METHOD_MATCH = YES;
				COPY_PHASE_STRIP = NO;
				DEBUG_INFORMATION_FORMAT = "dwarf-with-dsym";
				ENABLE_NS_ASSERTIONS = NO;
				ENABLE_STRICT_OBJC_MSGSEND = YES;
				GCC_C_LANGUAGE_STANDARD = gnu11;
				GCC_NO_COMMON_BLOCKS = YES;
				GCC_WARN_64_TO_32_BIT_CONVERSION = YES;
				GCC_WARN_ABOUT_RETURN_TYPE = YES_ERROR;
				GCC_WARN_UNDECLARED_SELECTOR = YES;
				GCC_WARN_UNINITIALIZED_AUTOS = YES_AGGRESSIVE;
				GCC_WARN_UNUSED_FUNCTION = YES;
				GCC_WARN_UNUSED_VARIABLE = YES;
				IPHONEOS_DEPLOYMENT_TARGET = 16.2;
				MTL_ENABLE_DEBUG_INFO = NO;
				MTL_FAST_MATH = YES;
				SDKROOT = iphoneos;
				SWIFT_COMPILATION_MODE = wholemodule;
				SWIFT_OPTIMIZATION_LEVEL = "-O";
				VALIDATE_PRODUCT = YES;
			};
			name = Release;
		};
		09B6220329BBB35E00ECFF5D /* Debug */ = {
			isa = XCBuildConfiguration;
			buildSettings = {
				ASSETCATALOG_COMPILER_APPICON_NAME = AppIcon;
				ASSETCATALOG_COMPILER_GLOBAL_ACCENT_COLOR_NAME = AccentColor;
				CODE_SIGN_STYLE = Automatic;
				CURRENT_PROJECT_VERSION = 1;
				DEVELOPMENT_ASSET_PATHS = "\"TheMove/Preview Content\"";
				DEVELOPMENT_TEAM = Q883HJGNY5;
				ENABLE_PREVIEWS = YES;
				GENERATE_INFOPLIST_FILE = YES;
				INFOPLIST_KEY_UIApplicationSceneManifest_Generation = YES;
				INFOPLIST_KEY_UIApplicationSupportsIndirectInputEvents = YES;
				INFOPLIST_KEY_UILaunchScreen_Generation = YES;
				INFOPLIST_KEY_UISupportedInterfaceOrientations = UIInterfaceOrientationPortrait;
				INFOPLIST_KEY_UISupportedInterfaceOrientations_iPad = "UIInterfaceOrientationLandscapeLeft UIInterfaceOrientationLandscapeRight UIInterfaceOrientationPortrait UIInterfaceOrientationPortraitUpsideDown";
				LD_RUNPATH_SEARCH_PATHS = (
					"$(inherited)",
					"@executable_path/Frameworks",
				);
				MARKETING_VERSION = 1.0;
				PRODUCT_BUNDLE_IDENTIFIER = WeeVend.TheMove;
				PRODUCT_NAME = "$(TARGET_NAME)";
				SWIFT_EMIT_LOC_STRINGS = YES;
				SWIFT_VERSION = 5.0;
				TARGETED_DEVICE_FAMILY = 1;
			};
			name = Debug;
		};
		09B6220429BBB35E00ECFF5D /* Release */ = {
			isa = XCBuildConfiguration;
			buildSettings = {
				ASSETCATALOG_COMPILER_APPICON_NAME = AppIcon;
				ASSETCATALOG_COMPILER_GLOBAL_ACCENT_COLOR_NAME = AccentColor;
				CODE_SIGN_STYLE = Automatic;
				CURRENT_PROJECT_VERSION = 1;
				DEVELOPMENT_ASSET_PATHS = "\"TheMove/Preview Content\"";
				DEVELOPMENT_TEAM = Q883HJGNY5;
				ENABLE_PREVIEWS = YES;
				GENERATE_INFOPLIST_FILE = YES;
				INFOPLIST_KEY_UIApplicationSceneManifest_Generation = YES;
				INFOPLIST_KEY_UIApplicationSupportsIndirectInputEvents = YES;
				INFOPLIST_KEY_UILaunchScreen_Generation = YES;
				INFOPLIST_KEY_UISupportedInterfaceOrientations = UIInterfaceOrientationPortrait;
				INFOPLIST_KEY_UISupportedInterfaceOrientations_iPad = "UIInterfaceOrientationLandscapeLeft UIInterfaceOrientationLandscapeRight UIInterfaceOrientationPortrait UIInterfaceOrientationPortraitUpsideDown";
				LD_RUNPATH_SEARCH_PATHS = (
					"$(inherited)",
					"@executable_path/Frameworks",
				);
				MARKETING_VERSION = 1.0;
				PRODUCT_BUNDLE_IDENTIFIER = WeeVend.TheMove;
				PRODUCT_NAME = "$(TARGET_NAME)";
				SWIFT_EMIT_LOC_STRINGS = YES;
				SWIFT_VERSION = 5.0;
				TARGETED_DEVICE_FAMILY = 1;
			};
			name = Release;
		};
/* End XCBuildConfiguration section */

/* Begin XCConfigurationList section */
		09B621EF29BBB35C00ECFF5D /* Build configuration list for PBXProject "TheMove" */ = {
			isa = XCConfigurationList;
			buildConfigurations = (
				09B6220029BBB35E00ECFF5D /* Debug */,
				09B6220129BBB35E00ECFF5D /* Release */,
			);
			defaultConfigurationIsVisible = 0;
			defaultConfigurationName = Release;
		};
		09B6220229BBB35E00ECFF5D /* Build configuration list for PBXNativeTarget "TheMove" */ = {
			isa = XCConfigurationList;
			buildConfigurations = (
				09B6220329BBB35E00ECFF5D /* Debug */,
				09B6220429BBB35E00ECFF5D /* Release */,
			);
			defaultConfigurationIsVisible = 0;
			defaultConfigurationName = Release;
		};
/* End XCConfigurationList section */

/* Begin XCRemoteSwiftPackageReference section */
		09B7B20C29EB6E44005CE0DD /* XCRemoteSwiftPackageReference "firebase-ios-sdk" */ = {
			isa = XCRemoteSwiftPackageReference;
			repositoryURL = "https://github.com/firebase/firebase-ios-sdk";
			requirement = {
				kind = upToNextMajorVersion;
				minimumVersion = 10.0.0;
			};
		};
/* End XCRemoteSwiftPackageReference section */

/* Begin XCSwiftPackageProductDependency section */
		09B7B20D29EB6E44005CE0DD /* FirebaseAnalytics */ = {
			isa = XCSwiftPackageProductDependency;
			package = 09B7B20C29EB6E44005CE0DD /* XCRemoteSwiftPackageReference "firebase-ios-sdk" */;
			productName = FirebaseAnalytics;
		};
		09B7B20F29EB6E44005CE0DD /* FirebaseAnalyticsOnDeviceConversion */ = {
			isa = XCSwiftPackageProductDependency;
			package = 09B7B20C29EB6E44005CE0DD /* XCRemoteSwiftPackageReference "firebase-ios-sdk" */;
			productName = FirebaseAnalyticsOnDeviceConversion;
		};
		09B7B21129EB6E44005CE0DD /* FirebaseAnalyticsSwift */ = {
			isa = XCSwiftPackageProductDependency;
			package = 09B7B20C29EB6E44005CE0DD /* XCRemoteSwiftPackageReference "firebase-ios-sdk" */;
			productName = FirebaseAnalyticsSwift;
		};
		09B7B21329EB6E44005CE0DD /* FirebaseAnalyticsWithoutAdIdSupport */ = {
			isa = XCSwiftPackageProductDependency;
			package = 09B7B20C29EB6E44005CE0DD /* XCRemoteSwiftPackageReference "firebase-ios-sdk" */;
			productName = FirebaseAnalyticsWithoutAdIdSupport;
		};
		09B7B21529EB6E44005CE0DD /* FirebaseAppCheck */ = {
			isa = XCSwiftPackageProductDependency;
			package = 09B7B20C29EB6E44005CE0DD /* XCRemoteSwiftPackageReference "firebase-ios-sdk" */;
			productName = FirebaseAppCheck;
		};
		09B7B21729EB6E44005CE0DD /* FirebaseAppDistribution-Beta */ = {
			isa = XCSwiftPackageProductDependency;
			package = 09B7B20C29EB6E44005CE0DD /* XCRemoteSwiftPackageReference "firebase-ios-sdk" */;
			productName = "FirebaseAppDistribution-Beta";
		};
		09B7B21929EB6E44005CE0DD /* FirebaseAuth */ = {
			isa = XCSwiftPackageProductDependency;
			package = 09B7B20C29EB6E44005CE0DD /* XCRemoteSwiftPackageReference "firebase-ios-sdk" */;
			productName = FirebaseAuth;
		};
		09B7B21B29EB6E44005CE0DD /* FirebaseAuthCombine-Community */ = {
			isa = XCSwiftPackageProductDependency;
			package = 09B7B20C29EB6E44005CE0DD /* XCRemoteSwiftPackageReference "firebase-ios-sdk" */;
			productName = "FirebaseAuthCombine-Community";
		};
		09B7B21D29EB6E44005CE0DD /* FirebaseCrashlytics */ = {
			isa = XCSwiftPackageProductDependency;
			package = 09B7B20C29EB6E44005CE0DD /* XCRemoteSwiftPackageReference "firebase-ios-sdk" */;
			productName = FirebaseCrashlytics;
		};
		09B7B21F29EB6E44005CE0DD /* FirebaseDatabase */ = {
			isa = XCSwiftPackageProductDependency;
			package = 09B7B20C29EB6E44005CE0DD /* XCRemoteSwiftPackageReference "firebase-ios-sdk" */;
			productName = FirebaseDatabase;
		};
		09B7B22129EB6E44005CE0DD /* FirebaseDatabaseSwift */ = {
			isa = XCSwiftPackageProductDependency;
			package = 09B7B20C29EB6E44005CE0DD /* XCRemoteSwiftPackageReference "firebase-ios-sdk" */;
			productName = FirebaseDatabaseSwift;
		};
		09B7B22329EB6E44005CE0DD /* FirebaseDynamicLinks */ = {
			isa = XCSwiftPackageProductDependency;
			package = 09B7B20C29EB6E44005CE0DD /* XCRemoteSwiftPackageReference "firebase-ios-sdk" */;
			productName = FirebaseDynamicLinks;
		};
		09B7B22529EB6E44005CE0DD /* FirebaseFirestore */ = {
			isa = XCSwiftPackageProductDependency;
			package = 09B7B20C29EB6E44005CE0DD /* XCRemoteSwiftPackageReference "firebase-ios-sdk" */;
			productName = FirebaseFirestore;
		};
		09B7B22729EB6E44005CE0DD /* FirebaseFirestoreCombine-Community */ = {
			isa = XCSwiftPackageProductDependency;
			package = 09B7B20C29EB6E44005CE0DD /* XCRemoteSwiftPackageReference "firebase-ios-sdk" */;
			productName = "FirebaseFirestoreCombine-Community";
		};
		09B7B22929EB6E44005CE0DD /* FirebaseFirestoreSwift */ = {
			isa = XCSwiftPackageProductDependency;
			package = 09B7B20C29EB6E44005CE0DD /* XCRemoteSwiftPackageReference "firebase-ios-sdk" */;
			productName = FirebaseFirestoreSwift;
		};
		09B7B22B29EB6E44005CE0DD /* FirebaseFunctions */ = {
			isa = XCSwiftPackageProductDependency;
			package = 09B7B20C29EB6E44005CE0DD /* XCRemoteSwiftPackageReference "firebase-ios-sdk" */;
			productName = FirebaseFunctions;
		};
		09B7B22D29EB6E44005CE0DD /* FirebaseFunctionsCombine-Community */ = {
			isa = XCSwiftPackageProductDependency;
			package = 09B7B20C29EB6E44005CE0DD /* XCRemoteSwiftPackageReference "firebase-ios-sdk" */;
			productName = "FirebaseFunctionsCombine-Community";
		};
		09B7B22F29EB6E44005CE0DD /* FirebaseInAppMessaging-Beta */ = {
			isa = XCSwiftPackageProductDependency;
			package = 09B7B20C29EB6E44005CE0DD /* XCRemoteSwiftPackageReference "firebase-ios-sdk" */;
			productName = "FirebaseInAppMessaging-Beta";
		};
		09B7B23129EB6E44005CE0DD /* FirebaseInAppMessagingSwift-Beta */ = {
			isa = XCSwiftPackageProductDependency;
			package = 09B7B20C29EB6E44005CE0DD /* XCRemoteSwiftPackageReference "firebase-ios-sdk" */;
			productName = "FirebaseInAppMessagingSwift-Beta";
		};
		09B7B23329EB6E44005CE0DD /* FirebaseInstallations */ = {
			isa = XCSwiftPackageProductDependency;
			package = 09B7B20C29EB6E44005CE0DD /* XCRemoteSwiftPackageReference "firebase-ios-sdk" */;
			productName = FirebaseInstallations;
		};
		09B7B23529EB6E44005CE0DD /* FirebaseMLModelDownloader */ = {
			isa = XCSwiftPackageProductDependency;
			package = 09B7B20C29EB6E44005CE0DD /* XCRemoteSwiftPackageReference "firebase-ios-sdk" */;
			productName = FirebaseMLModelDownloader;
		};
		09B7B23729EB6E44005CE0DD /* FirebaseMessaging */ = {
			isa = XCSwiftPackageProductDependency;
			package = 09B7B20C29EB6E44005CE0DD /* XCRemoteSwiftPackageReference "firebase-ios-sdk" */;
			productName = FirebaseMessaging;
		};
		09B7B23929EB6E44005CE0DD /* FirebasePerformance */ = {
			isa = XCSwiftPackageProductDependency;
			package = 09B7B20C29EB6E44005CE0DD /* XCRemoteSwiftPackageReference "firebase-ios-sdk" */;
			productName = FirebasePerformance;
		};
		09B7B23B29EB6E44005CE0DD /* FirebaseRemoteConfig */ = {
			isa = XCSwiftPackageProductDependency;
			package = 09B7B20C29EB6E44005CE0DD /* XCRemoteSwiftPackageReference "firebase-ios-sdk" */;
			productName = FirebaseRemoteConfig;
		};
		09B7B23D29EB6E44005CE0DD /* FirebaseRemoteConfigSwift */ = {
			isa = XCSwiftPackageProductDependency;
			package = 09B7B20C29EB6E44005CE0DD /* XCRemoteSwiftPackageReference "firebase-ios-sdk" */;
			productName = FirebaseRemoteConfigSwift;
		};
		09B7B23F29EB6E44005CE0DD /* FirebaseStorage */ = {
			isa = XCSwiftPackageProductDependency;
			package = 09B7B20C29EB6E44005CE0DD /* XCRemoteSwiftPackageReference "firebase-ios-sdk" */;
			productName = FirebaseStorage;
		};
		09B7B24129EB6E44005CE0DD /* FirebaseStorageCombine-Community */ = {
			isa = XCSwiftPackageProductDependency;
			package = 09B7B20C29EB6E44005CE0DD /* XCRemoteSwiftPackageReference "firebase-ios-sdk" */;
			productName = "FirebaseStorageCombine-Community";
		};
/* End XCSwiftPackageProductDependency section */
	};
	rootObject = 09B621EC29BBB35C00ECFF5D /* Project object */;
}
